// !$*UTF8*$!
{
	archiveVersion = 1;
	classes = {
	};
	objectVersion = 50;
	objects = {

/* Begin PBXBuildFile section */
		8E7529AB248E2A2D00243EFF /* View+fontSize.swift in Sources */ = {isa = PBXBuildFile; fileRef = 8E7529AA248E2A2D00243EFF /* View+fontSize.swift */; };
		8E76F86A24885E23008549F7 /* Grid.swift in Sources */ = {isa = PBXBuildFile; fileRef = 8E76F86924885E23008549F7 /* Grid.swift */; };
		8E76F86C248863D3008549F7 /* GridLayout.swift in Sources */ = {isa = PBXBuildFile; fileRef = 8E76F86B248863D3008549F7 /* GridLayout.swift */; };
		8E76F86E24886779008549F7 /* Array+Identifiable.swift in Sources */ = {isa = PBXBuildFile; fileRef = 8E76F86D24886779008549F7 /* Array+Identifiable.swift */; };
		8E76F87024887022008549F7 /* Array+Only.swift in Sources */ = {isa = PBXBuildFile; fileRef = 8E76F86F24887022008549F7 /* Array+Only.swift */; };
		8E76F872248870A8008549F7 /* Themes.swift in Sources */ = {isa = PBXBuildFile; fileRef = 8E76F871248870A8008549F7 /* Themes.swift */; };
		8EAA4B4B247FA33A00F61C6C /* AppDelegate.swift in Sources */ = {isa = PBXBuildFile; fileRef = 8EAA4B4A247FA33A00F61C6C /* AppDelegate.swift */; };
		8EAA4B4D247FA33A00F61C6C /* SceneDelegate.swift in Sources */ = {isa = PBXBuildFile; fileRef = 8EAA4B4C247FA33A00F61C6C /* SceneDelegate.swift */; };
		8EAA4B4F247FA33A00F61C6C /* EmojiMemoryGameView.swift in Sources */ = {isa = PBXBuildFile; fileRef = 8EAA4B4E247FA33A00F61C6C /* EmojiMemoryGameView.swift */; };
		8EAA4B51247FA33D00F61C6C /* Assets.xcassets in Resources */ = {isa = PBXBuildFile; fileRef = 8EAA4B50247FA33D00F61C6C /* Assets.xcassets */; };
		8EAA4B54247FA33D00F61C6C /* Preview Assets.xcassets in Resources */ = {isa = PBXBuildFile; fileRef = 8EAA4B53247FA33D00F61C6C /* Preview Assets.xcassets */; };
		8EAA4B57247FA33D00F61C6C /* LaunchScreen.storyboard in Resources */ = {isa = PBXBuildFile; fileRef = 8EAA4B55247FA33D00F61C6C /* LaunchScreen.storyboard */; };
		8EAA4B62247FA33D00F61C6C /* memorizeTests.swift in Sources */ = {isa = PBXBuildFile; fileRef = 8EAA4B61247FA33D00F61C6C /* memorizeTests.swift */; };
		8EAA4B6D247FA33D00F61C6C /* memorizeUITests.swift in Sources */ = {isa = PBXBuildFile; fileRef = 8EAA4B6C247FA33D00F61C6C /* memorizeUITests.swift */; };
		8EAA7BBF24831E8D006A8048 /* MemoryGame.swift in Sources */ = {isa = PBXBuildFile; fileRef = 8EAA7BBE24831E8D006A8048 /* MemoryGame.swift */; };
		8EAA7BC124832020006A8048 /* EmojiMemoryGame.swift in Sources */ = {isa = PBXBuildFile; fileRef = 8EAA7BC024832020006A8048 /* EmojiMemoryGame.swift */; };
/* End PBXBuildFile section */

/* Begin PBXContainerItemProxy section */
		8EAA4B5E247FA33D00F61C6C /* PBXContainerItemProxy */ = {
			isa = PBXContainerItemProxy;
			containerPortal = 8EAA4B3F247FA33900F61C6C /* Project object */;
			proxyType = 1;
			remoteGlobalIDString = 8EAA4B46247FA33900F61C6C;
			remoteInfo = memorize;
		};
		8EAA4B69247FA33D00F61C6C /* PBXContainerItemProxy */ = {
			isa = PBXContainerItemProxy;
			containerPortal = 8EAA4B3F247FA33900F61C6C /* Project object */;
			proxyType = 1;
			remoteGlobalIDString = 8EAA4B46247FA33900F61C6C;
			remoteInfo = memorize;
		};
/* End PBXContainerItemProxy section */

/* Begin PBXFileReference section */
		8E7529AA248E2A2D00243EFF /* View+fontSize.swift */ = {isa = PBXFileReference; lastKnownFileType = sourcecode.swift; path = "View+fontSize.swift"; sourceTree = "<group>"; };
		8E76F86924885E23008549F7 /* Grid.swift */ = {isa = PBXFileReference; lastKnownFileType = sourcecode.swift; path = Grid.swift; sourceTree = "<group>"; };
		8E76F86B248863D3008549F7 /* GridLayout.swift */ = {isa = PBXFileReference; lastKnownFileType = sourcecode.swift; path = GridLayout.swift; sourceTree = "<group>"; };
		8E76F86D24886779008549F7 /* Array+Identifiable.swift */ = {isa = PBXFileReference; lastKnownFileType = sourcecode.swift; path = "Array+Identifiable.swift"; sourceTree = "<group>"; };
		8E76F86F24887022008549F7 /* Array+Only.swift */ = {isa = PBXFileReference; lastKnownFileType = sourcecode.swift; path = "Array+Only.swift"; sourceTree = "<group>"; };
		8E76F871248870A8008549F7 /* Themes.swift */ = {isa = PBXFileReference; lastKnownFileType = sourcecode.swift; path = Themes.swift; sourceTree = "<group>"; };
		8EAA4B47247FA33A00F61C6C /* memorize.app */ = {isa = PBXFileReference; explicitFileType = wrapper.application; includeInIndex = 0; path = memorize.app; sourceTree = BUILT_PRODUCTS_DIR; };
		8EAA4B4A247FA33A00F61C6C /* AppDelegate.swift */ = {isa = PBXFileReference; lastKnownFileType = sourcecode.swift; path = AppDelegate.swift; sourceTree = "<group>"; };
		8EAA4B4C247FA33A00F61C6C /* SceneDelegate.swift */ = {isa = PBXFileReference; lastKnownFileType = sourcecode.swift; path = SceneDelegate.swift; sourceTree = "<group>"; };
		8EAA4B4E247FA33A00F61C6C /* EmojiMemoryGameView.swift */ = {isa = PBXFileReference; lastKnownFileType = sourcecode.swift; path = EmojiMemoryGameView.swift; sourceTree = "<group>"; };
		8EAA4B50247FA33D00F61C6C /* Assets.xcassets */ = {isa = PBXFileReference; lastKnownFileType = folder.assetcatalog; path = Assets.xcassets; sourceTree = "<group>"; };
		8EAA4B53247FA33D00F61C6C /* Preview Assets.xcassets */ = {isa = PBXFileReference; lastKnownFileType = folder.assetcatalog; path = "Preview Assets.xcassets"; sourceTree = "<group>"; };
		8EAA4B56247FA33D00F61C6C /* Base */ = {isa = PBXFileReference; lastKnownFileType = file.storyboard; name = Base; path = Base.lproj/LaunchScreen.storyboard; sourceTree = "<group>"; };
		8EAA4B58247FA33D00F61C6C /* Info.plist */ = {isa = PBXFileReference; lastKnownFileType = text.plist.xml; path = Info.plist; sourceTree = "<group>"; };
		8EAA4B5D247FA33D00F61C6C /* memorizeTests.xctest */ = {isa = PBXFileReference; explicitFileType = wrapper.cfbundle; includeInIndex = 0; path = memorizeTests.xctest; sourceTree = BUILT_PRODUCTS_DIR; };
		8EAA4B61247FA33D00F61C6C /* memorizeTests.swift */ = {isa = PBXFileReference; lastKnownFileType = sourcecode.swift; path = memorizeTests.swift; sourceTree = "<group>"; };
		8EAA4B63247FA33D00F61C6C /* Info.plist */ = {isa = PBXFileReference; lastKnownFileType = text.plist.xml; path = Info.plist; sourceTree = "<group>"; };
		8EAA4B68247FA33D00F61C6C /* memorizeUITests.xctest */ = {isa = PBXFileReference; explicitFileType = wrapper.cfbundle; includeInIndex = 0; path = memorizeUITests.xctest; sourceTree = BUILT_PRODUCTS_DIR; };
		8EAA4B6C247FA33D00F61C6C /* memorizeUITests.swift */ = {isa = PBXFileReference; lastKnownFileType = sourcecode.swift; path = memorizeUITests.swift; sourceTree = "<group>"; };
		8EAA4B6E247FA33D00F61C6C /* Info.plist */ = {isa = PBXFileReference; lastKnownFileType = text.plist.xml; path = Info.plist; sourceTree = "<group>"; };
		8EAA7BBE24831E8D006A8048 /* MemoryGame.swift */ = {isa = PBXFileReference; lastKnownFileType = sourcecode.swift; path = MemoryGame.swift; sourceTree = "<group>"; };
		8EAA7BC024832020006A8048 /* EmojiMemoryGame.swift */ = {isa = PBXFileReference; lastKnownFileType = sourcecode.swift; path = EmojiMemoryGame.swift; sourceTree = "<group>"; };
/* End PBXFileReference section */

/* Begin PBXFrameworksBuildPhase section */
		8EAA4B44247FA33900F61C6C /* Frameworks */ = {
			isa = PBXFrameworksBuildPhase;
			buildActionMask = 2147483647;
			files = (
			);
			runOnlyForDeploymentPostprocessing = 0;
		};
		8EAA4B5A247FA33D00F61C6C /* Frameworks */ = {
			isa = PBXFrameworksBuildPhase;
			buildActionMask = 2147483647;
			files = (
			);
			runOnlyForDeploymentPostprocessing = 0;
		};
		8EAA4B65247FA33D00F61C6C /* Frameworks */ = {
			isa = PBXFrameworksBuildPhase;
			buildActionMask = 2147483647;
			files = (
			);
			runOnlyForDeploymentPostprocessing = 0;
		};
/* End PBXFrameworksBuildPhase section */

/* Begin PBXGroup section */
		8EAA4B3E247FA33900F61C6C = {
			isa = PBXGroup;
			children = (
				8EAA4B49247FA33A00F61C6C /* memorize */,
				8EAA4B60247FA33D00F61C6C /* memorizeTests */,
				8EAA4B6B247FA33D00F61C6C /* memorizeUITests */,
				8EAA4B48247FA33A00F61C6C /* Products */,
			);
			sourceTree = "<group>";
		};
		8EAA4B48247FA33A00F61C6C /* Products */ = {
			isa = PBXGroup;
			children = (
				8EAA4B47247FA33A00F61C6C /* memorize.app */,
				8EAA4B5D247FA33D00F61C6C /* memorizeTests.xctest */,
				8EAA4B68247FA33D00F61C6C /* memorizeUITests.xctest */,
			);
			name = Products;
			sourceTree = "<group>";
		};
		8EAA4B49247FA33A00F61C6C /* memorize */ = {
			isa = PBXGroup;
			children = (
				8EAA4B4A247FA33A00F61C6C /* AppDelegate.swift */,
				8EAA4B4C247FA33A00F61C6C /* SceneDelegate.swift */,
				8EAA4B4E247FA33A00F61C6C /* EmojiMemoryGameView.swift */,
				8E76F86924885E23008549F7 /* Grid.swift */,
				8E76F86B248863D3008549F7 /* GridLayout.swift */,
				8EAA7BC024832020006A8048 /* EmojiMemoryGame.swift */,
				8EAA7BBE24831E8D006A8048 /* MemoryGame.swift */,
				8E76F871248870A8008549F7 /* Themes.swift */,
				8E76F86F24887022008549F7 /* Array+Only.swift */,
				8E76F86D24886779008549F7 /* Array+Identifiable.swift */,
				8EAA4B50247FA33D00F61C6C /* Assets.xcassets */,
				8EAA4B55247FA33D00F61C6C /* LaunchScreen.storyboard */,
				8EAA4B58247FA33D00F61C6C /* Info.plist */,
				8EAA4B52247FA33D00F61C6C /* Preview Content */,
				8E7529AA248E2A2D00243EFF /* View+fontSize.swift */,
			);
			path = memorize;
			sourceTree = "<group>";
		};
		8EAA4B52247FA33D00F61C6C /* Preview Content */ = {
			isa = PBXGroup;
			children = (
				8EAA4B53247FA33D00F61C6C /* Preview Assets.xcassets */,
			);
			path = "Preview Content";
			sourceTree = "<group>";
		};
		8EAA4B60247FA33D00F61C6C /* memorizeTests */ = {
			isa = PBXGroup;
			children = (
				8EAA4B61247FA33D00F61C6C /* memorizeTests.swift */,
				8EAA4B63247FA33D00F61C6C /* Info.plist */,
			);
			path = memorizeTests;
			sourceTree = "<group>";
		};
		8EAA4B6B247FA33D00F61C6C /* memorizeUITests */ = {
			isa = PBXGroup;
			children = (
				8EAA4B6C247FA33D00F61C6C /* memorizeUITests.swift */,
				8EAA4B6E247FA33D00F61C6C /* Info.plist */,
			);
			path = memorizeUITests;
			sourceTree = "<group>";
		};
/* End PBXGroup section */

/* Begin PBXNativeTarget section */
		8EAA4B46247FA33900F61C6C /* memorize */ = {
			isa = PBXNativeTarget;
			buildConfigurationList = 8EAA4B71247FA33D00F61C6C /* Build configuration list for PBXNativeTarget "memorize" */;
			buildPhases = (
				8EAA4B43247FA33900F61C6C /* Sources */,
				8EAA4B44247FA33900F61C6C /* Frameworks */,
				8EAA4B45247FA33900F61C6C /* Resources */,
			);
			buildRules = (
			);
			dependencies = (
			);
			name = memorize;
			productName = memorize;
			productReference = 8EAA4B47247FA33A00F61C6C /* memorize.app */;
			productType = "com.apple.product-type.application";
		};
		8EAA4B5C247FA33D00F61C6C /* memorizeTests */ = {
			isa = PBXNativeTarget;
			buildConfigurationList = 8EAA4B74247FA33D00F61C6C /* Build configuration list for PBXNativeTarget "memorizeTests" */;
			buildPhases = (
				8EAA4B59247FA33D00F61C6C /* Sources */,
				8EAA4B5A247FA33D00F61C6C /* Frameworks */,
				8EAA4B5B247FA33D00F61C6C /* Resources */,
			);
			buildRules = (
			);
			dependencies = (
				8EAA4B5F247FA33D00F61C6C /* PBXTargetDependency */,
			);
			name = memorizeTests;
			productName = memorizeTests;
			productReference = 8EAA4B5D247FA33D00F61C6C /* memorizeTests.xctest */;
			productType = "com.apple.product-type.bundle.unit-test";
		};
		8EAA4B67247FA33D00F61C6C /* memorizeUITests */ = {
			isa = PBXNativeTarget;
			buildConfigurationList = 8EAA4B77247FA33D00F61C6C /* Build configuration list for PBXNativeTarget "memorizeUITests" */;
			buildPhases = (
				8EAA4B64247FA33D00F61C6C /* Sources */,
				8EAA4B65247FA33D00F61C6C /* Frameworks */,
				8EAA4B66247FA33D00F61C6C /* Resources */,
			);
			buildRules = (
			);
			dependencies = (
				8EAA4B6A247FA33D00F61C6C /* PBXTargetDependency */,
			);
			name = memorizeUITests;
			productName = memorizeUITests;
			productReference = 8EAA4B68247FA33D00F61C6C /* memorizeUITests.xctest */;
			productType = "com.apple.product-type.bundle.ui-testing";
		};
/* End PBXNativeTarget section */

/* Begin PBXProject section */
		8EAA4B3F247FA33900F61C6C /* Project object */ = {
			isa = PBXProject;
			attributes = {
				LastSwiftUpdateCheck = 1150;
				LastUpgradeCheck = 1150;
				ORGANIZATIONNAME = "Zhan ZHANG";
				TargetAttributes = {
					8EAA4B46247FA33900F61C6C = {
						CreatedOnToolsVersion = 11.5;
					};
					8EAA4B5C247FA33D00F61C6C = {
						CreatedOnToolsVersion = 11.5;
						TestTargetID = 8EAA4B46247FA33900F61C6C;
					};
					8EAA4B67247FA33D00F61C6C = {
						CreatedOnToolsVersion = 11.5;
						TestTargetID = 8EAA4B46247FA33900F61C6C;
					};
				};
			};
			buildConfigurationList = 8EAA4B42247FA33900F61C6C /* Build configuration list for PBXProject "memorize" */;
			compatibilityVersion = "Xcode 9.3";
			developmentRegion = en;
			hasScannedForEncodings = 0;
			knownRegions = (
				en,
				Base,
			);
			mainGroup = 8EAA4B3E247FA33900F61C6C;
			productRefGroup = 8EAA4B48247FA33A00F61C6C /* Products */;
			projectDirPath = "";
			projectRoot = "";
			targets = (
				8EAA4B46247FA33900F61C6C /* memorize */,
				8EAA4B5C247FA33D00F61C6C /* memorizeTests */,
				8EAA4B67247FA33D00F61C6C /* memorizeUITests */,
			);
		};
/* End PBXProject section */

/* Begin PBXResourcesBuildPhase section */
		8EAA4B45247FA33900F61C6C /* Resources */ = {
			isa = PBXResourcesBuildPhase;
			buildActionMask = 2147483647;
			files = (
				8EAA4B57247FA33D00F61C6C /* LaunchScreen.storyboard in Resources */,
				8EAA4B54247FA33D00F61C6C /* Preview Assets.xcassets in Resources */,
				8EAA4B51247FA33D00F61C6C /* Assets.xcassets in Resources */,
			);
			runOnlyForDeploymentPostprocessing = 0;
		};
		8EAA4B5B247FA33D00F61C6C /* Resources */ = {
			isa = PBXResourcesBuildPhase;
			buildActionMask = 2147483647;
			files = (
			);
			runOnlyForDeploymentPostprocessing = 0;
		};
		8EAA4B66247FA33D00F61C6C /* Resources */ = {
			isa = PBXResourcesBuildPhase;
			buildActionMask = 2147483647;
			files = (
			);
			runOnlyForDeploymentPostprocessing = 0;
		};
/* End PBXResourcesBuildPhase section */

/* Begin PBXSourcesBuildPhase section */
		8EAA4B43247FA33900F61C6C /* Sources */ = {
			isa = PBXSourcesBuildPhase;
			buildActionMask = 2147483647;
			files = (
				8EAA4B4B247FA33A00F61C6C /* AppDelegate.swift in Sources */,
				8EAA4B4D247FA33A00F61C6C /* SceneDelegate.swift in Sources */,
				8EAA7BBF24831E8D006A8048 /* MemoryGame.swift in Sources */,
				8E76F872248870A8008549F7 /* Themes.swift in Sources */,
				8E76F87024887022008549F7 /* Array+Only.swift in Sources */,
				8EAA4B4F247FA33A00F61C6C /* EmojiMemoryGameView.swift in Sources */,
				8EAA7BC124832020006A8048 /* EmojiMemoryGame.swift in Sources */,
				8E76F86E24886779008549F7 /* Array+Identifiable.swift in Sources */,
				8E76F86C248863D3008549F7 /* GridLayout.swift in Sources */,
				8E76F86A24885E23008549F7 /* Grid.swift in Sources */,
				8E7529AB248E2A2D00243EFF /* View+fontSize.swift in Sources */,
			);
			runOnlyForDeploymentPostprocessing = 0;
		};
		8EAA4B59247FA33D00F61C6C /* Sources */ = {
			isa = PBXSourcesBuildPhase;
			buildActionMask = 2147483647;
			files = (
				8EAA4B62247FA33D00F61C6C /* memorizeTests.swift in Sources */,
			);
			runOnlyForDeploymentPostprocessing = 0;
		};
		8EAA4B64247FA33D00F61C6C /* Sources */ = {
			isa = PBXSourcesBuildPhase;
			buildActionMask = 2147483647;
			files = (
				8EAA4B6D247FA33D00F61C6C /* memorizeUITests.swift in Sources */,
			);
			runOnlyForDeploymentPostprocessing = 0;
		};
/* End PBXSourcesBuildPhase section */

/* Begin PBXTargetDependency section */
		8EAA4B5F247FA33D00F61C6C /* PBXTargetDependency */ = {
			isa = PBXTargetDependency;
			target = 8EAA4B46247FA33900F61C6C /* memorize */;
			targetProxy = 8EAA4B5E247FA33D00F61C6C /* PBXContainerItemProxy */;
		};
		8EAA4B6A247FA33D00F61C6C /* PBXTargetDependency */ = {
			isa = PBXTargetDependency;
			target = 8EAA4B46247FA33900F61C6C /* memorize */;
			targetProxy = 8EAA4B69247FA33D00F61C6C /* PBXContainerItemProxy */;
		};
/* End PBXTargetDependency section */

/* Begin PBXVariantGroup section */
		8EAA4B55247FA33D00F61C6C /* LaunchScreen.storyboard */ = {
			isa = PBXVariantGroup;
			children = (
				8EAA4B56247FA33D00F61C6C /* Base */,
			);
			name = LaunchScreen.storyboard;
			sourceTree = "<group>";
		};
/* End PBXVariantGroup section */

/* Begin XCBuildConfiguration section */
		8EAA4B6F247FA33D00F61C6C /* Debug */ = {
			isa = XCBuildConfiguration;
			buildSettings = {
				ALWAYS_SEARCH_USER_PATHS = NO;
				CLANG_ANALYZER_NONNULL = YES;
				CLANG_ANALYZER_NUMBER_OBJECT_CONVERSION = YES_AGGRESSIVE;
				CLANG_CXX_LANGUAGE_STANDARD = "gnu++14";
				CLANG_CXX_LIBRARY = "libc++";
				CLANG_ENABLE_MODULES = YES;
				CLANG_ENABLE_OBJC_ARC = YES;
				CLANG_ENABLE_OBJC_WEAK = YES;
				CLANG_WARN_BLOCK_CAPTURE_AUTORELEASING = YES;
				CLANG_WARN_BOOL_CONVERSION = YES;
				CLANG_WARN_COMMA = YES;
				CLANG_WARN_CONSTANT_CONVERSION = YES;
				CLANG_WARN_DEPRECATED_OBJC_IMPLEMENTATIONS = YES;
				CLANG_WARN_DIRECT_OBJC_ISA_USAGE = YES_ERROR;
				CLANG_WARN_DOCUMENTATION_COMMENTS = YES;
				CLANG_WARN_EMPTY_BODY = YES;
				CLANG_WARN_ENUM_CONVERSION = YES;
				CLANG_WARN_INFINITE_RECURSION = YES;
				CLANG_WARN_INT_CONVERSION = YES;
				CLANG_WARN_NON_LITERAL_NULL_CONVERSION = YES;
				CLANG_WARN_OBJC_IMPLICIT_RETAIN_SELF = YES;
				CLANG_WARN_OBJC_LITERAL_CONVERSION = YES;
				CLANG_WARN_OBJC_ROOT_CLASS = YES_ERROR;
				CLANG_WARN_RANGE_LOOP_ANALYSIS = YES;
				CLANG_WARN_STRICT_PROTOTYPES = YES;
				CLANG_WARN_SUSPICIOUS_MOVE = YES;
				CLANG_WARN_UNGUARDED_AVAILABILITY = YES_AGGRESSIVE;
				CLANG_WARN_UNREACHABLE_CODE = YES;
				CLANG_WARN__DUPLICATE_METHOD_MATCH = YES;
				COPY_PHASE_STRIP = NO;
				DEBUG_INFORMATION_FORMAT = dwarf;
				ENABLE_STRICT_OBJC_MSGSEND = YES;
				ENABLE_TESTABILITY = YES;
				GCC_C_LANGUAGE_STANDARD = gnu11;
				GCC_DYNAMIC_NO_PIC = NO;
				GCC_NO_COMMON_BLOCKS = YES;
				GCC_OPTIMIZATION_LEVEL = 0;
				GCC_PREPROCESSOR_DEFINITIONS = (
					"DEBUG=1",
					"$(inherited)",
				);
				GCC_WARN_64_TO_32_BIT_CONVERSION = YES;
				GCC_WARN_ABOUT_RETURN_TYPE = YES_ERROR;
				GCC_WARN_UNDECLARED_SELECTOR = YES;
				GCC_WARN_UNINITIALIZED_AUTOS = YES_AGGRESSIVE;
				GCC_WARN_UNUSED_FUNCTION = YES;
				GCC_WARN_UNUSED_VARIABLE = YES;
				IPHONEOS_DEPLOYMENT_TARGET = 13.5;
				MTL_ENABLE_DEBUG_INFO = INCLUDE_SOURCE;
				MTL_FAST_MATH = YES;
				ONLY_ACTIVE_ARCH = YES;
				SDKROOT = iphoneos;
				SWIFT_ACTIVE_COMPILATION_CONDITIONS = DEBUG;
				SWIFT_OPTIMIZATION_LEVEL = "-Onone";
			};
			name = Debug;
		};
		8EAA4B70247FA33D00F61C6C /* Release */ = {
			isa = XCBuildConfiguration;
			buildSettings = {
				ALWAYS_SEARCH_USER_PATHS = NO;
				CLANG_ANALYZER_NONNULL = YES;
				CLANG_ANALYZER_NUMBER_OBJECT_CONVERSION = YES_AGGRESSIVE;
				CLANG_CXX_LANGUAGE_STANDARD = "gnu++14";
				CLANG_CXX_LIBRARY = "libc++";
				CLANG_ENABLE_MODULES = YES;
				CLANG_ENABLE_OBJC_ARC = YES;
				CLANG_ENABLE_OBJC_WEAK = YES;
				CLANG_WARN_BLOCK_CAPTURE_AUTORELEASING = YES;
				CLANG_WARN_BOOL_CONVERSION = YES;
				CLANG_WARN_COMMA = YES;
				CLANG_WARN_CONSTANT_CONVERSION = YES;
				CLANG_WARN_DEPRECATED_OBJC_IMPLEMENTATIONS = YES;
				CLANG_WARN_DIRECT_OBJC_ISA_USAGE = YES_ERROR;
				CLANG_WARN_DOCUMENTATION_COMMENTS = YES;
				CLANG_WARN_EMPTY_BODY = YES;
				CLANG_WARN_ENUM_CONVERSION = YES;
				CLANG_WARN_INFINITE_RECURSION = YES;
				CLANG_WARN_INT_CONVERSION = YES;
				CLANG_WARN_NON_LITERAL_NULL_CONVERSION = YES;
				CLANG_WARN_OBJC_IMPLICIT_RETAIN_SELF = YES;
				CLANG_WARN_OBJC_LITERAL_CONVERSION = YES;
				CLANG_WARN_OBJC_ROOT_CLASS = YES_ERROR;
				CLANG_WARN_RANGE_LOOP_ANALYSIS = YES;
				CLANG_WARN_STRICT_PROTOTYPES = YES;
				CLANG_WARN_SUSPICIOUS_MOVE = YES;
				CLANG_WARN_UNGUARDED_AVAILABILITY = YES_AGGRESSIVE;
				CLANG_WARN_UNREACHABLE_CODE = YES;
				CLANG_WARN__DUPLICATE_METHOD_MATCH = YES;
				COPY_PHASE_STRIP = NO;
				DEBUG_INFORMATION_FORMAT = "dwarf-with-dsym";
				ENABLE_NS_ASSERTIONS = NO;
				ENABLE_STRICT_OBJC_MSGSEND = YES;
				GCC_C_LANGUAGE_STANDARD = gnu11;
				GCC_NO_COMMON_BLOCKS = YES;
				GCC_WARN_64_TO_32_BIT_CONVERSION = YES;
				GCC_WARN_ABOUT_RETURN_TYPE = YES_ERROR;
				GCC_WARN_UNDECLARED_SELECTOR = YES;
				GCC_WARN_UNINITIALIZED_AUTOS = YES_AGGRESSIVE;
				GCC_WARN_UNUSED_FUNCTION = YES;
				GCC_WARN_UNUSED_VARIABLE = YES;
				IPHONEOS_DEPLOYMENT_TARGET = 13.5;
				MTL_ENABLE_DEBUG_INFO = NO;
				MTL_FAST_MATH = YES;
				SDKROOT = iphoneos;
				SWIFT_COMPILATION_MODE = wholemodule;
				SWIFT_OPTIMIZATION_LEVEL = "-O";
				VALIDATE_PRODUCT = YES;
			};
			name = Release;
		};
		8EAA4B72247FA33D00F61C6C /* Debug */ = {
			isa = XCBuildConfiguration;
			buildSettings = {
				ASSETCATALOG_COMPILER_APPICON_NAME = AppIcon;
				CODE_SIGN_STYLE = Automatic;
				DEVELOPMENT_ASSET_PATHS = "\"memorize/Preview Content\"";
				ENABLE_PREVIEWS = YES;
				INFOPLIST_FILE = memorize/Info.plist;
				LD_RUNPATH_SEARCH_PATHS = (
					"$(inherited)",
					"@executable_path/Frameworks",
				);
				PRODUCT_BUNDLE_IDENTIFIER = com.gmail.zhangzhan.memorize;
				PRODUCT_NAME = "$(TARGET_NAME)";
				SWIFT_VERSION = 5.0;
				TARGETED_DEVICE_FAMILY = "1,2";
			};
			name = Debug;
		};
		8EAA4B73247FA33D00F61C6C /* Release */ = {
			isa = XCBuildConfiguration;
			buildSettings = {
				ASSETCATALOG_COMPILER_APPICON_NAME = AppIcon;
				CODE_SIGN_STYLE = Automatic;
				DEVELOPMENT_ASSET_PATHS = "\"memorize/Preview Content\"";
				ENABLE_PREVIEWS = YES;
				INFOPLIST_FILE = memorize/Info.plist;
				LD_RUNPATH_SEARCH_PATHS = (
					"$(inherited)",
					"@executable_path/Frameworks",
				);
				PRODUCT_BUNDLE_IDENTIFIER = com.gmail.zhangzhan.memorize;
				PRODUCT_NAME = "$(TARGET_NAME)";
				SWIFT_VERSION = 5.0;
				TARGETED_DEVICE_FAMILY = "1,2";
			};
			name = Release;
		};
		8EAA4B75247FA33D00F61C6C /* Debug */ = {
			isa = XCBuildConfiguration;
			buildSettings = {
				ALWAYS_EMBED_SWIFT_STANDARD_LIBRARIES = YES;
				BUNDLE_LOADER = "$(TEST_HOST)";
				CODE_SIGN_STYLE = Automatic;
				INFOPLIST_FILE = memorizeTests/Info.plist;
				IPHONEOS_DEPLOYMENT_TARGET = 13.5;
				LD_RUNPATH_SEARCH_PATHS = (
					"$(inherited)",
					"@executable_path/Frameworks",
					"@loader_path/Frameworks",
				);
				PRODUCT_BUNDLE_IDENTIFIER = com.gmail.zhangzhan.memorizeTests;
				PRODUCT_NAME = "$(TARGET_NAME)";
				SWIFT_VERSION = 5.0;
				TARGETED_DEVICE_FAMILY = "1,2";
				TEST_HOST = "$(BUILT_PRODUCTS_DIR)/memorize.app/memorize";
			};
			name = Debug;
		};
		8EAA4B76247FA33D00F61C6C /* Release */ = {
			isa = XCBuildConfiguration;
			buildSettings = {
				ALWAYS_EMBED_SWIFT_STANDARD_LIBRARIES = YES;
				BUNDLE_LOADER = "$(TEST_HOST)";
				CODE_SIGN_STYLE = Automatic;
				INFOPLIST_FILE = memorizeTests/Info.plist;
				IPHONEOS_DEPLOYMENT_TARGET = 13.5;
				LD_RUNPATH_SEARCH_PATHS = (
					"$(inherited)",
					"@executable_path/Frameworks",
					"@loader_path/Frameworks",
				);
				PRODUCT_BUNDLE_IDENTIFIER = com.gmail.zhangzhan.memorizeTests;
				PRODUCT_NAME = "$(TARGET_NAME)";
				SWIFT_VERSION = 5.0;
				TARGETED_DEVICE_FAMILY = "1,2";
				TEST_HOST = "$(BUILT_PRODUCTS_DIR)/memorize.app/memorize";
			};
			name = Release;
		};
		8EAA4B78247FA33D00F61C6C /* Debug */ = {
			isa = XCBuildConfiguration;
			buildSettings = {
				ALWAYS_EMBED_SWIFT_STANDARD_LIBRARIES = YES;
				CODE_SIGN_STYLE = Automatic;
				INFOPLIST_FILE = memorizeUITests/Info.plist;
				LD_RUNPATH_SEARCH_PATHS = (
					"$(inherited)",
					"@executable_path/Frameworks",
					"@loader_path/Frameworks",
				);
				PRODUCT_BUNDLE_IDENTIFIER = com.gmail.zhangzhan.memorizeUITests;
				PRODUCT_NAME = "$(TARGET_NAME)";
				SWIFT_VERSION = 5.0;
				TARGETED_DEVICE_FAMILY = "1,2";
				TEST_TARGET_NAME = memorize;
			};
			name = Debug;
		};
		8EAA4B79247FA33D00F61C6C /* Release */ = {
			isa = XCBuildConfiguration;
			buildSettings = {
				ALWAYS_EMBED_SWIFT_STANDARD_LIBRARIES = YES;
				CODE_SIGN_STYLE = Automatic;
				INFOPLIST_FILE = memorizeUITests/Info.plist;
				LD_RUNPATH_SEARCH_PATHS = (
					"$(inherited)",
					"@executable_path/Frameworks",
					"@loader_path/Frameworks",
				);
				PRODUCT_BUNDLE_IDENTIFIER = com.gmail.zhangzhan.memorizeUITests;
				PRODUCT_NAME = "$(TARGET_NAME)";
				SWIFT_VERSION = 5.0;
				TARGETED_DEVICE_FAMILY = "1,2";
				TEST_TARGET_NAME = memorize;
			};
			name = Release;
		};
/* End XCBuildConfiguration section */

/* Begin XCConfigurationList section */
		8EAA4B42247FA33900F61C6C /* Build configuration list for PBXProject "memorize" */ = {
			isa = XCConfigurationList;
			buildConfigurations = (
				8EAA4B6F247FA33D00F61C6C /* Debug */,
				8EAA4B70247FA33D00F61C6C /* Release */,
			);
			defaultConfigurationIsVisible = 0;
			defaultConfigurationName = Release;
		};
		8EAA4B71247FA33D00F61C6C /* Build configuration list for PBXNativeTarget "memorize" */ = {
			isa = XCConfigurationList;
			buildConfigurations = (
				8EAA4B72247FA33D00F61C6C /* Debug */,
				8EAA4B73247FA33D00F61C6C /* Release */,
			);
			defaultConfigurationIsVisible = 0;
			defaultConfigurationName = Release;
		};
		8EAA4B74247FA33D00F61C6C /* Build configuration list for PBXNativeTarget "memorizeTests" */ = {
			isa = XCConfigurationList;
			buildConfigurations = (
				8EAA4B75247FA33D00F61C6C /* Debug */,
				8EAA4B76247FA33D00F61C6C /* Release */,
			);
			defaultConfigurationIsVisible = 0;
			defaultConfigurationName = Release;
		};
		8EAA4B77247FA33D00F61C6C /* Build configuration list for PBXNativeTarget "memorizeUITests" */ = {
			isa = XCConfigurationList;
			buildConfigurations = (
				8EAA4B78247FA33D00F61C6C /* Debug */,
				8EAA4B79247FA33D00F61C6C /* Release */,
			);
			defaultConfigurationIsVisible = 0;
			defaultConfigurationName = Release;
		};
/* End XCConfigurationList section */
	};
	rootObject = 8EAA4B3F247FA33900F61C6C /* Project object */;
}
